// !$*UTF8*$!
{
	archiveVersion = 1;
	classes = {
	};
	objectVersion = 46;
	objects = {

/* Begin PBXBuildFile section */
		6C41C8B01BD4D6D80098942B /* Tweet.m in Sources */ = {isa = PBXBuildFile; fileRef = 6C41C8AF1BD4D6D80098942B /* Tweet.m */; settings = {ASSET_TAGS = (); }; };
		6CE9DC601BD109650010A9C1 /* main.m in Sources */ = {isa = PBXBuildFile; fileRef = 6CE9DC5F1BD109650010A9C1 /* main.m */; };
		6CE9DC631BD109650010A9C1 /* AppDelegate.m in Sources */ = {isa = PBXBuildFile; fileRef = 6CE9DC621BD109650010A9C1 /* AppDelegate.m */; };
		6CE9DC691BD109650010A9C1 /* Main.storyboard in Resources */ = {isa = PBXBuildFile; fileRef = 6CE9DC671BD109650010A9C1 /* Main.storyboard */; };
		6CE9DC6B1BD109650010A9C1 /* Assets.xcassets in Resources */ = {isa = PBXBuildFile; fileRef = 6CE9DC6A1BD109650010A9C1 /* Assets.xcassets */; };
		6CE9DC6E1BD109650010A9C1 /* LaunchScreen.storyboard in Resources */ = {isa = PBXBuildFile; fileRef = 6CE9DC6C1BD109650010A9C1 /* LaunchScreen.storyboard */; };
		6CE9DC771BD10A110010A9C1 /* SearchFormViewController.m in Sources */ = {isa = PBXBuildFile; fileRef = 6CE9DC761BD10A110010A9C1 /* SearchFormViewController.m */; settings = {ASSET_TAGS = (); }; };
		6CE9DC7A1BD10AC30010A9C1 /* SearchResultsViewController.m in Sources */ = {isa = PBXBuildFile; fileRef = 6CE9DC791BD10AC30010A9C1 /* SearchResultsViewController.m */; settings = {ASSET_TAGS = (); }; };
		6CE9DC7D1BD10B260010A9C1 /* TableViewCell.m in Sources */ = {isa = PBXBuildFile; fileRef = 6CE9DC7C1BD10B260010A9C1 /* TableViewCell.m */; settings = {ASSET_TAGS = (); }; };
		B4FB1928F5A3B3A54F487597 /* libPods-TwitterInstant.a in Frameworks */ = {isa = PBXBuildFile; fileRef = C13A57464EECCF2DA2351456 /* libPods-TwitterInstant.a */; };
/* End PBXBuildFile section */

/* Begin PBXFileReference section */
		6C41C8AE1BD4D6D80098942B /* Tweet.h */ = {isa = PBXFileReference; fileEncoding = 4; lastKnownFileType = sourcecode.c.h; path = Tweet.h; sourceTree = "<group>"; };
		6C41C8AF1BD4D6D80098942B /* Tweet.m */ = {isa = PBXFileReference; fileEncoding = 4; lastKnownFileType = sourcecode.c.objc; path = Tweet.m; sourceTree = "<group>"; };
		6CE9DC5B1BD109650010A9C1 /* TwitterInstant.app */ = {isa = PBXFileReference; explicitFileType = wrapper.application; includeInIndex = 0; path = TwitterInstant.app; sourceTree = BUILT_PRODUCTS_DIR; };
		6CE9DC5F1BD109650010A9C1 /* main.m */ = {isa = PBXFileReference; lastKnownFileType = sourcecode.c.objc; path = main.m; sourceTree = "<group>"; };
		6CE9DC611BD109650010A9C1 /* AppDelegate.h */ = {isa = PBXFileReference; lastKnownFileType = sourcecode.c.h; path = AppDelegate.h; sourceTree = "<group>"; };
		6CE9DC621BD109650010A9C1 /* AppDelegate.m */ = {isa = PBXFileReference; lastKnownFileType = sourcecode.c.objc; path = AppDelegate.m; sourceTree = "<group>"; };
		6CE9DC681BD109650010A9C1 /* Base */ = {isa = PBXFileReference; lastKnownFileType = file.storyboard; name = Base; path = Base.lproj/Main.storyboard; sourceTree = "<group>"; };
		6CE9DC6A1BD109650010A9C1 /* Assets.xcassets */ = {isa = PBXFileReference; lastKnownFileType = folder.assetcatalog; path = Assets.xcassets; sourceTree = "<group>"; };
		6CE9DC6D1BD109650010A9C1 /* Base */ = {isa = PBXFileReference; lastKnownFileType = file.storyboard; name = Base; path = Base.lproj/LaunchScreen.storyboard; sourceTree = "<group>"; };
		6CE9DC6F1BD109650010A9C1 /* Info.plist */ = {isa = PBXFileReference; lastKnownFileType = text.plist.xml; path = Info.plist; sourceTree = "<group>"; };
		6CE9DC751BD10A110010A9C1 /* SearchFormViewController.h */ = {isa = PBXFileReference; fileEncoding = 4; lastKnownFileType = sourcecode.c.h; path = SearchFormViewController.h; sourceTree = "<group>"; };
		6CE9DC761BD10A110010A9C1 /* SearchFormViewController.m */ = {isa = PBXFileReference; fileEncoding = 4; lastKnownFileType = sourcecode.c.objc; path = SearchFormViewController.m; sourceTree = "<group>"; };
		6CE9DC781BD10AC30010A9C1 /* SearchResultsViewController.h */ = {isa = PBXFileReference; fileEncoding = 4; lastKnownFileType = sourcecode.c.h; path = SearchResultsViewController.h; sourceTree = "<group>"; };
		6CE9DC791BD10AC30010A9C1 /* SearchResultsViewController.m */ = {isa = PBXFileReference; fileEncoding = 4; lastKnownFileType = sourcecode.c.objc; path = SearchResultsViewController.m; sourceTree = "<group>"; };
		6CE9DC7B1BD10B260010A9C1 /* TableViewCell.h */ = {isa = PBXFileReference; fileEncoding = 4; lastKnownFileType = sourcecode.c.h; path = TableViewCell.h; sourceTree = "<group>"; };
		6CE9DC7C1BD10B260010A9C1 /* TableViewCell.m */ = {isa = PBXFileReference; fileEncoding = 4; lastKnownFileType = sourcecode.c.objc; path = TableViewCell.m; sourceTree = "<group>"; };
		8935396AC946ECB92FD0263A /* Pods-TwitterInstant.debug.xcconfig */ = {isa = PBXFileReference; includeInIndex = 1; lastKnownFileType = text.xcconfig; name = "Pods-TwitterInstant.debug.xcconfig"; path = "Pods/Target Support Files/Pods-TwitterInstant/Pods-TwitterInstant.debug.xcconfig"; sourceTree = "<group>"; };
		A78F7ADC13742297C0F1FD1A /* Pods-TwitterInstant.release.xcconfig */ = {isa = PBXFileReference; includeInIndex = 1; lastKnownFileType = text.xcconfig; name = "Pods-TwitterInstant.release.xcconfig"; path = "Pods/Target Support Files/Pods-TwitterInstant/Pods-TwitterInstant.release.xcconfig"; sourceTree = "<group>"; };
		C13A57464EECCF2DA2351456 /* libPods-TwitterInstant.a */ = {isa = PBXFileReference; explicitFileType = archive.ar; includeInIndex = 0; path = "libPods-TwitterInstant.a"; sourceTree = BUILT_PRODUCTS_DIR; };
/* End PBXFileReference section */

/* Begin PBXFrameworksBuildPhase section */
		6CE9DC581BD109650010A9C1 /* Frameworks */ = {
			isa = PBXFrameworksBuildPhase;
			buildActionMask = 2147483647;
			files = (
				B4FB1928F5A3B3A54F487597 /* libPods-TwitterInstant.a in Frameworks */,
			);
			runOnlyForDeploymentPostprocessing = 0;
		};
/* End PBXFrameworksBuildPhase section */

/* Begin PBXGroup section */
		4B5AD728459EFCB1C66F11B6 /* Pods */ = {
			isa = PBXGroup;
			children = (
				8935396AC946ECB92FD0263A /* Pods-TwitterInstant.debug.xcconfig */,
				A78F7ADC13742297C0F1FD1A /* Pods-TwitterInstant.release.xcconfig */,
			);
			name = Pods;
			sourceTree = "<group>";
		};
		581D62D71B7EAB4F5EC1985D /* Frameworks */ = {
			isa = PBXGroup;
			children = (
				C13A57464EECCF2DA2351456 /* libPods-TwitterInstant.a */,
			);
			name = Frameworks;
			sourceTree = "<group>";
		};
		6CE9DC521BD109650010A9C1 = {
			isa = PBXGroup;
			children = (
				6CE9DC5D1BD109650010A9C1 /* TwitterInstant */,
				6CE9DC5C1BD109650010A9C1 /* Products */,
				4B5AD728459EFCB1C66F11B6 /* Pods */,
				581D62D71B7EAB4F5EC1985D /* Frameworks */,
			);
			sourceTree = "<group>";
		};
		6CE9DC5C1BD109650010A9C1 /* Products */ = {
			isa = PBXGroup;
			children = (
				6CE9DC5B1BD109650010A9C1 /* TwitterInstant.app */,
			);
			name = Products;
			sourceTree = "<group>";
		};
		6CE9DC5D1BD109650010A9C1 /* TwitterInstant */ = {
			isa = PBXGroup;
			children = (
				6CE9DC751BD10A110010A9C1 /* SearchFormViewController.h */,
				6CE9DC761BD10A110010A9C1 /* SearchFormViewController.m */,
				6CE9DC671BD109650010A9C1 /* Main.storyboard */,
				6CE9DC781BD10AC30010A9C1 /* SearchResultsViewController.h */,
				6CE9DC791BD10AC30010A9C1 /* SearchResultsViewController.m */,
				6CE9DC7B1BD10B260010A9C1 /* TableViewCell.h */,
				6CE9DC7C1BD10B260010A9C1 /* TableViewCell.m */,
				6C41C8AE1BD4D6D80098942B /* Tweet.h */,
				6C41C8AF1BD4D6D80098942B /* Tweet.m */,
				6CE9DC5E1BD109650010A9C1 /* Supporting Files */,
			);
			path = TwitterInstant;
			sourceTree = "<group>";
		};
		6CE9DC5E1BD109650010A9C1 /* Supporting Files */ = {
			isa = PBXGroup;
			children = (
				6CE9DC611BD109650010A9C1 /* AppDelegate.h */,
				6CE9DC621BD109650010A9C1 /* AppDelegate.m */,
				6CE9DC6A1BD109650010A9C1 /* Assets.xcassets */,
				6CE9DC6C1BD109650010A9C1 /* LaunchScreen.storyboard */,
				6CE9DC6F1BD109650010A9C1 /* Info.plist */,
				6CE9DC5F1BD109650010A9C1 /* main.m */,
			);
			name = "Supporting Files";
			sourceTree = "<group>";
		};
/* End PBXGroup section */

/* Begin PBXNativeTarget section */
		6CE9DC5A1BD109650010A9C1 /* TwitterInstant */ = {
			isa = PBXNativeTarget;
			buildConfigurationList = 6CE9DC721BD109650010A9C1 /* Build configuration list for PBXNativeTarget "TwitterInstant" */;
			buildPhases = (
				BC8A9F844A1BDBEE6314C100 /* Check Pods Manifest.lock */,
				6CE9DC571BD109650010A9C1 /* Sources */,
				6CE9DC581BD109650010A9C1 /* Frameworks */,
				6CE9DC591BD109650010A9C1 /* Resources */,
				7883EF64E86367F0F82C6663 /* Embed Pods Frameworks */,
				C8F7BB8DA6EA3E443656208F /* Copy Pods Resources */,
			);
			buildRules = (
			);
			dependencies = (
			);
			name = TwitterInstant;
			productName = TwitterInstant;
			productReference = 6CE9DC5B1BD109650010A9C1 /* TwitterInstant.app */;
			productType = "com.apple.product-type.application";
		};
/* End PBXNativeTarget section */

/* Begin PBXProject section */
		6CE9DC531BD109650010A9C1 /* Project object */ = {
			isa = PBXProject;
			attributes = {
				LastUpgradeCheck = 0700;
				ORGANIZATIONNAME = iOSDevLog;
				TargetAttributes = {
					6CE9DC5A1BD109650010A9C1 = {
						CreatedOnToolsVersion = 7.0.1;
					};
				};
			};
			buildConfigurationList = 6CE9DC561BD109650010A9C1 /* Build configuration list for PBXProject "TwitterInstant" */;
			compatibilityVersion = "Xcode 3.2";
			developmentRegion = English;
			hasScannedForEncodings = 0;
			knownRegions = (
				en,
				Base,
			);
			mainGroup = 6CE9DC521BD109650010A9C1;
			productRefGroup = 6CE9DC5C1BD109650010A9C1 /* Products */;
			projectDirPath = "";
			projectRoot = "";
			targets = (
				6CE9DC5A1BD109650010A9C1 /* TwitterInstant */,
			);
		};
/* End PBXProject section */

/* Begin PBXResourcesBuildPhase section */
		6CE9DC591BD109650010A9C1 /* Resources */ = {
			isa = PBXResourcesBuildPhase;
			buildActionMask = 2147483647;
			files = (
				6CE9DC6E1BD109650010A9C1 /* LaunchScreen.storyboard in Resources */,
				6CE9DC6B1BD109650010A9C1 /* Assets.xcassets in Resources */,
				6CE9DC691BD109650010A9C1 /* Main.storyboard in Resources */,
			);
			runOnlyForDeploymentPostprocessing = 0;
		};
/* End PBXResourcesBuildPhase section */

/* Begin PBXShellScriptBuildPhase section */
		7883EF64E86367F0F82C6663 /* Embed Pods Frameworks */ = {
			isa = PBXShellScriptBuildPhase;
			buildActionMask = 2147483647;
			files = (
			);
			inputPaths = (
			);
			name = "Embed Pods Frameworks";
			outputPaths = (
			);
			runOnlyForDeploymentPostprocessing = 0;
			shellPath = /bin/sh;
			shellScript = "\"${SRCROOT}/Pods/Target Support Files/Pods-TwitterInstant/Pods-TwitterInstant-frameworks.sh\"\n";
			showEnvVarsInLog = 0;
		};
		BC8A9F844A1BDBEE6314C100 /* Check Pods Manifest.lock */ = {
			isa = PBXShellScriptBuildPhase;
			buildActionMask = 2147483647;
			files = (
			);
			inputPaths = (
			);
			name = "Check Pods Manifest.lock";
			outputPaths = (
			);
			runOnlyForDeploymentPostprocessing = 0;
			shellPath = /bin/sh;
			shellScript = "diff \"${PODS_ROOT}/../Podfile.lock\" \"${PODS_ROOT}/Manifest.lock\" > /dev/null\nif [[ $? != 0 ]] ; then\n    cat << EOM\nerror: The sandbox is not in sync with the Podfile.lock. Run 'pod install' or update your CocoaPods installation.\nEOM\n    exit 1\nfi\n";
			showEnvVarsInLog = 0;
		};
		C8F7BB8DA6EA3E443656208F /* Copy Pods Resources */ = {
			isa = PBXShellScriptBuildPhase;
			buildActionMask = 2147483647;
			files = (
			);
			inputPaths = (
			);
			name = "Copy Pods Resources";
			outputPaths = (
			);
			runOnlyForDeploymentPostprocessing = 0;
			shellPath = /bin/sh;
			shellScript = "\"${SRCROOT}/Pods/Target Support Files/Pods-TwitterInstant/Pods-TwitterInstant-resources.sh\"\n";
			showEnvVarsInLog = 0;
		};
/* End PBXShellScriptBuildPhase section */

/* Begin PBXSourcesBuildPhase section */
		6CE9DC571BD109650010A9C1 /* Sources */ = {
			isa = PBXSourcesBuildPhase;
			buildActionMask = 2147483647;
			files = (
				6CE9DC631BD109650010A9C1 /* AppDelegate.m in Sources */,
				6CE9DC601BD109650010A9C1 /* main.m in Sources */,
				6CE9DC771BD10A110010A9C1 /* SearchFormViewController.m in Sources */,
				6C41C8B01BD4D6D80098942B /* Tweet.m in Sources */,
				6CE9DC7D1BD10B260010A9C1 /* TableViewCell.m in Sources */,
				6CE9DC7A1BD10AC30010A9C1 /* SearchResultsViewController.m in Sources */,
			);
			runOnlyForDeploymentPostprocessing = 0;
		};
/* End PBXSourcesBuildPhase section */

/* Begin PBXVariantGroup section */
		6CE9DC671BD109650010A9C1 /* Main.storyboard */ = {
			isa = PBXVariantGroup;
			children = (
				6CE9DC681BD109650010A9C1 /* Base */,
			);
			name = Main.storyboard;
			sourceTree = "<group>";
		};
		6CE9DC6C1BD109650010A9C1 /* LaunchScreen.storyboard */ = {
			isa = PBXVariantGroup;
			children = (
				6CE9DC6D1BD109650010A9C1 /* Base */,
			);
			name = LaunchScreen.storyboard;
			sourceTree = "<group>";
		};
/* End PBXVariantGroup section */

/* Begin XCBuildConfiguration section */
		6CE9DC701BD109650010A9C1 /* Debug */ = {
			isa = XCBuildConfiguration;
			buildSettings = {
				ALWAYS_SEARCH_USER_PATHS = NO;
				CLANG_CXX_LANGUAGE_STANDARD = "gnu++0x";
				CLANG_CXX_LIBRARY = "libc++";
				CLANG_ENABLE_MODULES = YES;
				CLANG_ENABLE_OBJC_ARC = YES;
				CLANG_WARN_BOOL_CONVERSION = YES;
				CLANG_WARN_CONSTANT_CONVERSION = YES;
				CLANG_WARN_DIRECT_OBJC_ISA_USAGE = YES_ERROR;
				CLANG_WARN_EMPTY_BODY = YES;
				CLANG_WARN_ENUM_CONVERSION = YES;
				CLANG_WARN_INT_CONVERSION = YES;
				CLANG_WARN_OBJC_ROOT_CLASS = YES_ERROR;
				CLANG_WARN_UNREACHABLE_CODE = YES;
				CLANG_WARN__DUPLICATE_METHOD_MATCH = YES;
				"CODE_SIGN_IDENTITY[sdk=iphoneos*]" = "iPhone Developer";
				COPY_PHASE_STRIP = NO;
				DEBUG_INFORMATION_FORMAT = dwarf;
				ENABLE_STRICT_OBJC_MSGSEND = YES;
				ENABLE_TESTABILITY = YES;
				GCC_C_LANGUAGE_STANDARD = gnu99;
				GCC_DYNAMIC_NO_PIC = NO;
				GCC_NO_COMMON_BLOCKS = YES;
				GCC_OPTIMIZATION_LEVEL = 0;
				GCC_PREPROCESSOR_DEFINITIONS = (
					"DEBUG=1",
					"$(inherited)",
				);
				GCC_WARN_64_TO_32_BIT_CONVERSION = YES;
				GCC_WARN_ABOUT_RETURN_TYPE = YES_ERROR;
				GCC_WARN_UNDECLARED_SELECTOR = YES;
				GCC_WARN_UNINITIALIZED_AUTOS = YES_AGGRESSIVE;
				GCC_WARN_UNUSED_FUNCTION = YES;
				GCC_WARN_UNUSED_VARIABLE = YES;
				IPHONEOS_DEPLOYMENT_TARGET = 9.0;
				MTL_ENABLE_DEBUG_INFO = YES;
				ONLY_ACTIVE_ARCH = YES;
				SDKROOT = iphoneos;
				TARGETED_DEVICE_FAMILY = "1,2";
			};
			name = Debug;
		};
		6CE9DC711BD109650010A9C1 /* Release */ = {
			isa = XCBuildConfiguration;
			buildSettings = {
				ALWAYS_SEARCH_USER_PATHS = NO;
				CLANG_CXX_LANGUAGE_STANDARD = "gnu++0x";
				CLANG_CXX_LIBRARY = "libc++";
				CLANG_ENABLE_MODULES = YES;
				CLANG_ENABLE_OBJC_ARC = YES;
				CLANG_WARN_BOOL_CONVERSION = YES;
				CLANG_WARN_CONSTANT_CONVERSION = YES;
				CLANG_WARN_DIRECT_OBJC_ISA_USAGE = YES_ERROR;
				CLANG_WARN_EMPTY_BODY = YES;
				CLANG_WARN_ENUM_CONVERSION = YES;
				CLANG_WARN_INT_CONVERSION = YES;
				CLANG_WARN_OBJC_ROOT_CLASS = YES_ERROR;
				CLANG_WARN_UNREACHABLE_CODE = YES;
				CLANG_WARN__DUPLICATE_METHOD_MATCH = YES;
				"CODE_SIGN_IDENTITY[sdk=iphoneos*]" = "iPhone Developer";
				COPY_PHASE_STRIP = NO;
				DEBUG_INFORMATION_FORMAT = "dwarf-with-dsym";
				ENABLE_NS_ASSERTIONS = NO;
				ENABLE_STRICT_OBJC_MSGSEND = YES;
				GCC_C_LANGUAGE_STANDARD = gnu99;
				GCC_NO_COMMON_BLOCKS = YES;
				GCC_WARN_64_TO_32_BIT_CONVERSION = YES;
				GCC_WARN_ABOUT_RETURN_TYPE = YES_ERROR;
				GCC_WARN_UNDECLARED_SELECTOR = YES;
				GCC_WARN_UNINITIALIZED_AUTOS = YES_AGGRESSIVE;
				GCC_WARN_UNUSED_FUNCTION = YES;
				GCC_WARN_UNUSED_VARIABLE = YES;
				IPHONEOS_DEPLOYMENT_TARGET = 9.0;
				MTL_ENABLE_DEBUG_INFO = NO;
				SDKROOT = iphoneos;
				TARGETED_DEVICE_FAMILY = "1,2";
				VALIDATE_PRODUCT = YES;
			};
			name = Release;
		};
		6CE9DC731BD109650010A9C1 /* Debug */ = {
			isa = XCBuildConfiguration;
			baseConfigurationReference = 8935396AC946ECB92FD0263A /* Pods-TwitterInstant.debug.xcconfig */;
			buildSettings = {
				ASSETCATALOG_COMPILER_APPICON_NAME = AppIcon;
				CLANG_WARN_OBJC_IMPLICIT_RETAIN_SELF = YES;
				INFOPLIST_FILE = TwitterInstant/Info.plist;
				LD_RUNPATH_SEARCH_PATHS = "$(inherited) @executable_path/Frameworks";
				PRODUCT_BUNDLE_IDENTIFIER = com.iosdevlog.TwitterInstant;
				PRODUCT_NAME = "$(TARGET_NAME)";
			};
			name = Debug;
		};
		6CE9DC741BD109650010A9C1 /* Release */ = {
			isa = XCBuildConfiguration;
			baseConfigurationReference = A78F7ADC13742297C0F1FD1A /* Pods-TwitterInstant.release.xcconfig */;
			buildSettings = {
				ASSETCATALOG_COMPILER_APPICON_NAME = AppIcon;
				CLANG_WARN_OBJC_IMPLICIT_RETAIN_SELF = YES;
				INFOPLIST_FILE = TwitterInstant/Info.plist;
				LD_RUNPATH_SEARCH_PATHS = "$(inherited) @executable_path/Frameworks";
				PRODUCT_BUNDLE_IDENTIFIER = com.iosdevlog.TwitterInstant;
				PRODUCT_NAME = "$(TARGET_NAME)";
			};
			name = Release;
		};
/* End XCBuildConfiguration section */

/* Begin XCConfigurationList section */
		6CE9DC561BD109650010A9C1 /* Build configuration list for PBXProject "TwitterInstant" */ = {
			isa = XCConfigurationList;
			buildConfigurations = (
				6CE9DC701BD109650010A9C1 /* Debug */,
				6CE9DC711BD109650010A9C1 /* Release */,
			);
			defaultConfigurationIsVisible = 0;
			defaultConfigurationName = Release;
		};
		6CE9DC721BD109650010A9C1 /* Build configuration list for PBXNativeTarget "TwitterInstant" */ = {
			isa = XCConfigurationList;
			buildConfigurations = (
				6CE9DC731BD109650010A9C1 /* Debug */,
				6CE9DC741BD109650010A9C1 /* Release */,
			);
			defaultConfigurationIsVisible = 0;
			defaultConfigurationName = Release;
		};
/* End XCConfigurationList section */
	};
	rootObject = 6CE9DC531BD109650010A9C1 /* Project object */;
}
