// !$*UTF8*$!
{
	archiveVersion = 1;
	classes = {
	};
	objectVersion = 48;
	objects = {

/* Begin PBXBuildFile section */
		DEFF11231FEA08AF00BA9F7B /* AppDelegate.swift in Sources */ = {isa = PBXBuildFile; fileRef = DEFF11221FEA08AF00BA9F7B /* AppDelegate.swift */; };
		DEFF11281FEA08AF00BA9F7B /* Main.storyboard in Resources */ = {isa = PBXBuildFile; fileRef = DEFF11261FEA08AF00BA9F7B /* Main.storyboard */; };
		DEFF112A1FEA08AF00BA9F7B /* Assets.xcassets in Resources */ = {isa = PBXBuildFile; fileRef = DEFF11291FEA08AF00BA9F7B /* Assets.xcassets */; };
		DEFF11381FEA092600BA9F7B /* Localizable.strings in Resources */ = {isa = PBXBuildFile; fileRef = DEFF113A1FEA092600BA9F7B /* Localizable.strings */; };
		DEFF113D1FEA098E00BA9F7B /* ChangeTableViewController.swift in Sources */ = {isa = PBXBuildFile; fileRef = DEFF113C1FEA098E00BA9F7B /* ChangeTableViewController.swift */; };
		DEFF113F1FEA09CC00BA9F7B /* Bundle+localizable.swift in Sources */ = {isa = PBXBuildFile; fileRef = DEFF113E1FEA09CC00BA9F7B /* Bundle+localizable.swift */; };
		DEFF11411FEA0AD900BA9F7B /* Language.swift in Sources */ = {isa = PBXBuildFile; fileRef = DEFF11401FEA0AD900BA9F7B /* Language.swift */; };
		DEFF11491FEA103E00BA9F7B /* LaunchScreen.storyboard in Resources */ = {isa = PBXBuildFile; fileRef = DEFF11481FEA103E00BA9F7B /* LaunchScreen.storyboard */; };
/* End PBXBuildFile section */

/* Begin PBXFileReference section */
		DEFF111F1FEA08AF00BA9F7B /* 230. Localizations.app */ = {isa = PBXFileReference; explicitFileType = wrapper.application; includeInIndex = 0; path = "230. Localizations.app"; sourceTree = BUILT_PRODUCTS_DIR; };
		DEFF11221FEA08AF00BA9F7B /* AppDelegate.swift */ = {isa = PBXFileReference; lastKnownFileType = sourcecode.swift; path = AppDelegate.swift; sourceTree = "<group>"; };
		DEFF11271FEA08AF00BA9F7B /* Base */ = {isa = PBXFileReference; lastKnownFileType = file.storyboard; name = Base; path = Base.lproj/Main.storyboard; sourceTree = "<group>"; };
		DEFF11291FEA08AF00BA9F7B /* Assets.xcassets */ = {isa = PBXFileReference; lastKnownFileType = folder.assetcatalog; path = Assets.xcassets; sourceTree = "<group>"; };
		DEFF112E1FEA08AF00BA9F7B /* Info.plist */ = {isa = PBXFileReference; lastKnownFileType = text.plist.xml; path = Info.plist; sourceTree = "<group>"; };
		DEFF11361FEA090500BA9F7B /* zh-Hans */ = {isa = PBXFileReference; lastKnownFileType = text.plist.strings; name = "zh-Hans"; path = "zh-Hans.lproj/Main.strings"; sourceTree = "<group>"; };
		DEFF11391FEA092600BA9F7B /* en */ = {isa = PBXFileReference; lastKnownFileType = text.plist.strings; name = en; path = en.lproj/Localizable.strings; sourceTree = "<group>"; };
		DEFF113B1FEA092900BA9F7B /* zh-Hans */ = {isa = PBXFileReference; lastKnownFileType = text.plist.strings; name = "zh-Hans"; path = "zh-Hans.lproj/Localizable.strings"; sourceTree = "<group>"; };
		DEFF113C1FEA098E00BA9F7B /* ChangeTableViewController.swift */ = {isa = PBXFileReference; lastKnownFileType = sourcecode.swift; path = ChangeTableViewController.swift; sourceTree = "<group>"; };
		DEFF113E1FEA09CC00BA9F7B /* Bundle+localizable.swift */ = {isa = PBXFileReference; lastKnownFileType = sourcecode.swift; path = "Bundle+localizable.swift"; sourceTree = "<group>"; };
		DEFF11401FEA0AD900BA9F7B /* Language.swift */ = {isa = PBXFileReference; lastKnownFileType = sourcecode.swift; path = Language.swift; sourceTree = "<group>"; };
		DEFF11421FEA0E5800BA9F7B /* ja */ = {isa = PBXFileReference; lastKnownFileType = text.plist.strings; name = ja; path = ja.lproj/Main.strings; sourceTree = "<group>"; };
		DEFF11441FEA0E5800BA9F7B /* ja */ = {isa = PBXFileReference; lastKnownFileType = text.plist.strings; name = ja; path = ja.lproj/Localizable.strings; sourceTree = "<group>"; };
		DEFF11451FEA0E6100BA9F7B /* ko */ = {isa = PBXFileReference; lastKnownFileType = text.plist.strings; name = ko; path = ko.lproj/Main.strings; sourceTree = "<group>"; };
		DEFF11471FEA0E6100BA9F7B /* ko */ = {isa = PBXFileReference; lastKnownFileType = text.plist.strings; name = ko; path = ko.lproj/Localizable.strings; sourceTree = "<group>"; };
		DEFF11481FEA103E00BA9F7B /* LaunchScreen.storyboard */ = {isa = PBXFileReference; lastKnownFileType = file.storyboard; path = LaunchScreen.storyboard; sourceTree = "<group>"; };
/* End PBXFileReference section */

/* Begin PBXFrameworksBuildPhase section */
		DEFF111C1FEA08AF00BA9F7B /* Frameworks */ = {
			isa = PBXFrameworksBuildPhase;
			buildActionMask = 2147483647;
			files = (
			);
			runOnlyForDeploymentPostprocessing = 0;
		};
/* End PBXFrameworksBuildPhase section */

/* Begin PBXGroup section */
		DEFF11161FEA08AF00BA9F7B = {
			isa = PBXGroup;
			children = (
				DEFF11211FEA08AF00BA9F7B /* 230. Localizations */,
				DEFF11201FEA08AF00BA9F7B /* Products */,
			);
			sourceTree = "<group>";
		};
		DEFF11201FEA08AF00BA9F7B /* Products */ = {
			isa = PBXGroup;
			children = (
				DEFF111F1FEA08AF00BA9F7B /* 230. Localizations.app */,
			);
			name = Products;
			sourceTree = "<group>";
		};
		DEFF11211FEA08AF00BA9F7B /* 230. Localizations */ = {
			isa = PBXGroup;
			children = (
				DEFF11221FEA08AF00BA9F7B /* AppDelegate.swift */,
				DEFF11261FEA08AF00BA9F7B /* Main.storyboard */,
				DEFF11291FEA08AF00BA9F7B /* Assets.xcassets */,
				DEFF112E1FEA08AF00BA9F7B /* Info.plist */,
				DEFF113A1FEA092600BA9F7B /* Localizable.strings */,
				DEFF113C1FEA098E00BA9F7B /* ChangeTableViewController.swift */,
				DEFF113E1FEA09CC00BA9F7B /* Bundle+localizable.swift */,
				DEFF11401FEA0AD900BA9F7B /* Language.swift */,
				DEFF11481FEA103E00BA9F7B /* LaunchScreen.storyboard */,
			);
			path = "230. Localizations";
			sourceTree = "<group>";
		};
/* End PBXGroup section */

/* Begin PBXNativeTarget section */
		DEFF111E1FEA08AF00BA9F7B /* 230. Localizations */ = {
			isa = PBXNativeTarget;
			buildConfigurationList = DEFF11311FEA08AF00BA9F7B /* Build configuration list for PBXNativeTarget "230. Localizations" */;
			buildPhases = (
				DEFF111B1FEA08AF00BA9F7B /* Sources */,
				DEFF111C1FEA08AF00BA9F7B /* Frameworks */,
				DEFF111D1FEA08AF00BA9F7B /* Resources */,
			);
			buildRules = (
			);
			dependencies = (
			);
			name = "230. Localizations";
			productName = "230. Localizations";
			productReference = DEFF111F1FEA08AF00BA9F7B /* 230. Localizations.app */;
			productType = "com.apple.product-type.application";
		};
/* End PBXNativeTarget section */

/* Begin PBXProject section */
		DEFF11171FEA08AF00BA9F7B /* Project object */ = {
			isa = PBXProject;
			attributes = {
				LastSwiftUpdateCheck = 0920;
				LastUpgradeCheck = 0920;
				ORGANIZATIONNAME = iOSDevLog;
				TargetAttributes = {
					DEFF111E1FEA08AF00BA9F7B = {
						CreatedOnToolsVersion = 9.2;
						ProvisioningStyle = Automatic;
					};
				};
			};
			buildConfigurationList = DEFF111A1FEA08AF00BA9F7B /* Build configuration list for PBXProject "230. Localizations" */;
			compatibilityVersion = "Xcode 8.0";
			developmentRegion = en;
			hasScannedForEncodings = 0;
			knownRegions = (
				en,
				Base,
				"zh-Hans",
				ja,
				ko,
			);
			mainGroup = DEFF11161FEA08AF00BA9F7B;
			productRefGroup = DEFF11201FEA08AF00BA9F7B /* Products */;
			projectDirPath = "";
			projectRoot = "";
			targets = (
				DEFF111E1FEA08AF00BA9F7B /* 230. Localizations */,
			);
		};
/* End PBXProject section */

/* Begin PBXResourcesBuildPhase section */
		DEFF111D1FEA08AF00BA9F7B /* Resources */ = {
			isa = PBXResourcesBuildPhase;
			buildActionMask = 2147483647;
			files = (
				DEFF11381FEA092600BA9F7B /* Localizable.strings in Resources */,
				DEFF11491FEA103E00BA9F7B /* LaunchScreen.storyboard in Resources */,
				DEFF112A1FEA08AF00BA9F7B /* Assets.xcassets in Resources */,
				DEFF11281FEA08AF00BA9F7B /* Main.storyboard in Resources */,
			);
			runOnlyForDeploymentPostprocessing = 0;
		};
/* End PBXResourcesBuildPhase section */

/* Begin PBXSourcesBuildPhase section */
		DEFF111B1FEA08AF00BA9F7B /* Sources */ = {
			isa = PBXSourcesBuildPhase;
			buildActionMask = 2147483647;
			files = (
				DEFF113D1FEA098E00BA9F7B /* ChangeTableViewController.swift in Sources */,
				DEFF11411FEA0AD900BA9F7B /* Language.swift in Sources */,
				DEFF113F1FEA09CC00BA9F7B /* Bundle+localizable.swift in Sources */,
				DEFF11231FEA08AF00BA9F7B /* AppDelegate.swift in Sources */,
			);
			runOnlyForDeploymentPostprocessing = 0;
		};
/* End PBXSourcesBuildPhase section */

/* Begin PBXVariantGroup section */
		DEFF11261FEA08AF00BA9F7B /* Main.storyboard */ = {
			isa = PBXVariantGroup;
			children = (
				DEFF11271FEA08AF00BA9F7B /* Base */,
				DEFF11361FEA090500BA9F7B /* zh-Hans */,
				DEFF11421FEA0E5800BA9F7B /* ja */,
				DEFF11451FEA0E6100BA9F7B /* ko */,
			);
			name = Main.storyboard;
			sourceTree = "<group>";
		};
		DEFF113A1FEA092600BA9F7B /* Localizable.strings */ = {
			isa = PBXVariantGroup;
			children = (
				DEFF11391FEA092600BA9F7B /* en */,
				DEFF113B1FEA092900BA9F7B /* zh-Hans */,
				DEFF11441FEA0E5800BA9F7B /* ja */,
				DEFF11471FEA0E6100BA9F7B /* ko */,
			);
			name = Localizable.strings;
			sourceTree = "<group>";
		};
/* End PBXVariantGroup section */

/* Begin XCBuildConfiguration section */
		DEFF112F1FEA08AF00BA9F7B /* Debug */ = {
			isa = XCBuildConfiguration;
			buildSettings = {
				ALWAYS_SEARCH_USER_PATHS = NO;
				CLANG_ANALYZER_LOCALIZABILITY_NONLOCALIZED = YES;
				CLANG_ANALYZER_NONNULL = YES;
				CLANG_ANALYZER_NUMBER_OBJECT_CONVERSION = YES_AGGRESSIVE;
				CLANG_CXX_LANGUAGE_STANDARD = "gnu++14";
				CLANG_CXX_LIBRARY = "libc++";
				CLANG_ENABLE_MODULES = YES;
				CLANG_ENABLE_OBJC_ARC = YES;
				CLANG_WARN_BLOCK_CAPTURE_AUTORELEASING = YES;
				CLANG_WARN_BOOL_CONVERSION = YES;
				CLANG_WARN_COMMA = YES;
				CLANG_WARN_CONSTANT_CONVERSION = YES;
				CLANG_WARN_DIRECT_OBJC_ISA_USAGE = YES_ERROR;
				CLANG_WARN_DOCUMENTATION_COMMENTS = YES;
				CLANG_WARN_EMPTY_BODY = YES;
				CLANG_WARN_ENUM_CONVERSION = YES;
				CLANG_WARN_INFINITE_RECURSION = YES;
				CLANG_WARN_INT_CONVERSION = YES;
				CLANG_WARN_NON_LITERAL_NULL_CONVERSION = YES;
				CLANG_WARN_OBJC_LITERAL_CONVERSION = YES;
				CLANG_WARN_OBJC_ROOT_CLASS = YES_ERROR;
				CLANG_WARN_RANGE_LOOP_ANALYSIS = YES;
				CLANG_WARN_STRICT_PROTOTYPES = YES;
				CLANG_WARN_SUSPICIOUS_MOVE = YES;
				CLANG_WARN_UNGUARDED_AVAILABILITY = YES_AGGRESSIVE;
				CLANG_WARN_UNREACHABLE_CODE = YES;
				CLANG_WARN__DUPLICATE_METHOD_MATCH = YES;
				CODE_SIGN_IDENTITY = "iPhone Developer";
				COPY_PHASE_STRIP = NO;
				DEBUG_INFORMATION_FORMAT = dwarf;
				ENABLE_STRICT_OBJC_MSGSEND = YES;
				ENABLE_TESTABILITY = YES;
				GCC_C_LANGUAGE_STANDARD = gnu11;
				GCC_DYNAMIC_NO_PIC = NO;
				GCC_NO_COMMON_BLOCKS = YES;
				GCC_OPTIMIZATION_LEVEL = 0;
				GCC_PREPROCESSOR_DEFINITIONS = (
					"DEBUG=1",
					"$(inherited)",
				);
				GCC_WARN_64_TO_32_BIT_CONVERSION = YES;
				GCC_WARN_ABOUT_RETURN_TYPE = YES_ERROR;
				GCC_WARN_UNDECLARED_SELECTOR = YES;
				GCC_WARN_UNINITIALIZED_AUTOS = YES_AGGRESSIVE;
				GCC_WARN_UNUSED_FUNCTION = YES;
				GCC_WARN_UNUSED_VARIABLE = YES;
				IPHONEOS_DEPLOYMENT_TARGET = 11.2;
				MTL_ENABLE_DEBUG_INFO = YES;
				ONLY_ACTIVE_ARCH = YES;
				SDKROOT = iphoneos;
				SWIFT_ACTIVE_COMPILATION_CONDITIONS = DEBUG;
				SWIFT_OPTIMIZATION_LEVEL = "-Onone";
			};
			name = Debug;
		};
		DEFF11301FEA08AF00BA9F7B /* Release */ = {
			isa = XCBuildConfiguration;
			buildSettings = {
				ALWAYS_SEARCH_USER_PATHS = NO;
				CLANG_ANALYZER_LOCALIZABILITY_NONLOCALIZED = YES;
				CLANG_ANALYZER_NONNULL = YES;
				CLANG_ANALYZER_NUMBER_OBJECT_CONVERSION = YES_AGGRESSIVE;
				CLANG_CXX_LANGUAGE_STANDARD = "gnu++14";
				CLANG_CXX_LIBRARY = "libc++";
				CLANG_ENABLE_MODULES = YES;
				CLANG_ENABLE_OBJC_ARC = YES;
				CLANG_WARN_BLOCK_CAPTURE_AUTORELEASING = YES;
				CLANG_WARN_BOOL_CONVERSION = YES;
				CLANG_WARN_COMMA = YES;
				CLANG_WARN_CONSTANT_CONVERSION = YES;
				CLANG_WARN_DIRECT_OBJC_ISA_USAGE = YES_ERROR;
				CLANG_WARN_DOCUMENTATION_COMMENTS = YES;
				CLANG_WARN_EMPTY_BODY = YES;
				CLANG_WARN_ENUM_CONVERSION = YES;
				CLANG_WARN_INFINITE_RECURSION = YES;
				CLANG_WARN_INT_CONVERSION = YES;
				CLANG_WARN_NON_LITERAL_NULL_CONVERSION = YES;
				CLANG_WARN_OBJC_LITERAL_CONVERSION = YES;
				CLANG_WARN_OBJC_ROOT_CLASS = YES_ERROR;
				CLANG_WARN_RANGE_LOOP_ANALYSIS = YES;
				CLANG_WARN_STRICT_PROTOTYPES = YES;
				CLANG_WARN_SUSPICIOUS_MOVE = YES;
				CLANG_WARN_UNGUARDED_AVAILABILITY = YES_AGGRESSIVE;
				CLANG_WARN_UNREACHABLE_CODE = YES;
				CLANG_WARN__DUPLICATE_METHOD_MATCH = YES;
				CODE_SIGN_IDENTITY = "iPhone Developer";
				COPY_PHASE_STRIP = NO;
				DEBUG_INFORMATION_FORMAT = "dwarf-with-dsym";
				ENABLE_NS_ASSERTIONS = NO;
				ENABLE_STRICT_OBJC_MSGSEND = YES;
				GCC_C_LANGUAGE_STANDARD = gnu11;
				GCC_NO_COMMON_BLOCKS = YES;
				GCC_WARN_64_TO_32_BIT_CONVERSION = YES;
				GCC_WARN_ABOUT_RETURN_TYPE = YES_ERROR;
				GCC_WARN_UNDECLARED_SELECTOR = YES;
				GCC_WARN_UNINITIALIZED_AUTOS = YES_AGGRESSIVE;
				GCC_WARN_UNUSED_FUNCTION = YES;
				GCC_WARN_UNUSED_VARIABLE = YES;
				IPHONEOS_DEPLOYMENT_TARGET = 11.2;
				MTL_ENABLE_DEBUG_INFO = NO;
				SDKROOT = iphoneos;
				SWIFT_OPTIMIZATION_LEVEL = "-Owholemodule";
				VALIDATE_PRODUCT = YES;
			};
			name = Release;
		};
		DEFF11321FEA08AF00BA9F7B /* Debug */ = {
			isa = XCBuildConfiguration;
			buildSettings = {
				ASSETCATALOG_COMPILER_APPICON_NAME = AppIcon;
				CODE_SIGN_STYLE = Automatic;
				INFOPLIST_FILE = "230. Localizations/Info.plist";
				LD_RUNPATH_SEARCH_PATHS = "$(inherited) @executable_path/Frameworks";
				PRODUCT_BUNDLE_IDENTIFIER = "com.iosdevlog.-30--Localizations";
				PRODUCT_NAME = "$(TARGET_NAME)";
				SWIFT_VERSION = 4.0;
				TARGETED_DEVICE_FAMILY = "1,2";
			};
			name = Debug;
		};
		DEFF11331FEA08AF00BA9F7B /* Release */ = {
			isa = XCBuildConfiguration;
			buildSettings = {
				ASSETCATALOG_COMPILER_APPICON_NAME = AppIcon;
				CODE_SIGN_STYLE = Automatic;
				INFOPLIST_FILE = "230. Localizations/Info.plist";
				LD_RUNPATH_SEARCH_PATHS = "$(inherited) @executable_path/Frameworks";
				PRODUCT_BUNDLE_IDENTIFIER = "com.iosdevlog.-30--Localizations";
				PRODUCT_NAME = "$(TARGET_NAME)";
				SWIFT_VERSION = 4.0;
				TARGETED_DEVICE_FAMILY = "1,2";
			};
			name = Release;
		};
/* End XCBuildConfiguration section */

/* Begin XCConfigurationList section */
		DEFF111A1FEA08AF00BA9F7B /* Build configuration list for PBXProject "230. Localizations" */ = {
			isa = XCConfigurationList;
			buildConfigurations = (
				DEFF112F1FEA08AF00BA9F7B /* Debug */,
				DEFF11301FEA08AF00BA9F7B /* Release */,
			);
			defaultConfigurationIsVisible = 0;
			defaultConfigurationName = Release;
		};
		DEFF11311FEA08AF00BA9F7B /* Build configuration list for PBXNativeTarget "230. Localizations" */ = {
			isa = XCConfigurationList;
			buildConfigurations = (
				DEFF11321FEA08AF00BA9F7B /* Debug */,
				DEFF11331FEA08AF00BA9F7B /* Release */,
			);
			defaultConfigurationIsVisible = 0;
			defaultConfigurationName = Release;
		};
/* End XCConfigurationList section */
	};
	rootObject = DEFF11171FEA08AF00BA9F7B /* Project object */;
}
