// !$*UTF8*$!
{
	archiveVersion = 1;
	classes = {
	};
	objectVersion = 46;
	objects = {

/* Begin PBXBuildFile section */
		6C6748061BBFC94500CAFB47 /* AppDelegate.swift in Sources */ = {isa = PBXBuildFile; fileRef = 6C6748051BBFC94500CAFB47 /* AppDelegate.swift */; };
		6C6748081BBFC94500CAFB47 /* ViewController.swift in Sources */ = {isa = PBXBuildFile; fileRef = 6C6748071BBFC94500CAFB47 /* ViewController.swift */; };
		6C67480B1BBFC94500CAFB47 /* Main.storyboard in Resources */ = {isa = PBXBuildFile; fileRef = 6C6748091BBFC94500CAFB47 /* Main.storyboard */; };
		6C67480D1BBFC94500CAFB47 /* Assets.xcassets in Resources */ = {isa = PBXBuildFile; fileRef = 6C67480C1BBFC94500CAFB47 /* Assets.xcassets */; };
		6C6748101BBFC94500CAFB47 /* LaunchScreen.storyboard in Resources */ = {isa = PBXBuildFile; fileRef = 6C67480E1BBFC94500CAFB47 /* LaunchScreen.storyboard */; };
/* End PBXBuildFile section */

/* Begin PBXFileReference section */
		6C6748021BBFC94500CAFB47 /* unwind.app */ = {isa = PBXFileReference; explicitFileType = wrapper.application; includeInIndex = 0; path = unwind.app; sourceTree = BUILT_PRODUCTS_DIR; };
		6C6748051BBFC94500CAFB47 /* AppDelegate.swift */ = {isa = PBXFileReference; lastKnownFileType = sourcecode.swift; path = AppDelegate.swift; sourceTree = "<group>"; };
		6C6748071BBFC94500CAFB47 /* ViewController.swift */ = {isa = PBXFileReference; lastKnownFileType = sourcecode.swift; path = ViewController.swift; sourceTree = "<group>"; };
		6C67480A1BBFC94500CAFB47 /* Base */ = {isa = PBXFileReference; lastKnownFileType = file.storyboard; name = Base; path = Base.lproj/Main.storyboard; sourceTree = "<group>"; };
		6C67480C1BBFC94500CAFB47 /* Assets.xcassets */ = {isa = PBXFileReference; lastKnownFileType = folder.assetcatalog; path = Assets.xcassets; sourceTree = "<group>"; };
		6C67480F1BBFC94500CAFB47 /* Base */ = {isa = PBXFileReference; lastKnownFileType = file.storyboard; name = Base; path = Base.lproj/LaunchScreen.storyboard; sourceTree = "<group>"; };
		6C6748111BBFC94500CAFB47 /* Info.plist */ = {isa = PBXFileReference; lastKnownFileType = text.plist.xml; path = Info.plist; sourceTree = "<group>"; };
/* End PBXFileReference section */

/* Begin PBXFrameworksBuildPhase section */
		6C6747FF1BBFC94500CAFB47 /* Frameworks */ = {
			isa = PBXFrameworksBuildPhase;
			buildActionMask = 2147483647;
			files = (
			);
			runOnlyForDeploymentPostprocessing = 0;
		};
/* End PBXFrameworksBuildPhase section */

/* Begin PBXGroup section */
		6C6747F91BBFC94500CAFB47 = {
			isa = PBXGroup;
			children = (
				6C6748041BBFC94500CAFB47 /* unwind */,
				6C6748031BBFC94500CAFB47 /* Products */,
			);
			sourceTree = "<group>";
		};
		6C6748031BBFC94500CAFB47 /* Products */ = {
			isa = PBXGroup;
			children = (
				6C6748021BBFC94500CAFB47 /* unwind.app */,
			);
			name = Products;
			sourceTree = "<group>";
		};
		6C6748041BBFC94500CAFB47 /* unwind */ = {
			isa = PBXGroup;
			children = (
				6C6748051BBFC94500CAFB47 /* AppDelegate.swift */,
				6C6748071BBFC94500CAFB47 /* ViewController.swift */,
				6C6748091BBFC94500CAFB47 /* Main.storyboard */,
				6C67480C1BBFC94500CAFB47 /* Assets.xcassets */,
				6C67480E1BBFC94500CAFB47 /* LaunchScreen.storyboard */,
				6C6748111BBFC94500CAFB47 /* Info.plist */,
			);
			path = unwind;
			sourceTree = "<group>";
		};
/* End PBXGroup section */

/* Begin PBXNativeTarget section */
		6C6748011BBFC94500CAFB47 /* unwind */ = {
			isa = PBXNativeTarget;
			buildConfigurationList = 6C6748141BBFC94500CAFB47 /* Build configuration list for PBXNativeTarget "unwind" */;
			buildPhases = (
				6C6747FE1BBFC94500CAFB47 /* Sources */,
				6C6747FF1BBFC94500CAFB47 /* Frameworks */,
				6C6748001BBFC94500CAFB47 /* Resources */,
			);
			buildRules = (
			);
			dependencies = (
			);
			name = unwind;
			productName = unwind;
			productReference = 6C6748021BBFC94500CAFB47 /* unwind.app */;
			productType = "com.apple.product-type.application";
		};
/* End PBXNativeTarget section */

/* Begin PBXProject section */
		6C6747FA1BBFC94500CAFB47 /* Project object */ = {
			isa = PBXProject;
			attributes = {
				LastUpgradeCheck = 0700;
				ORGANIZATIONNAME = com.jiaxh;
				TargetAttributes = {
					6C6748011BBFC94500CAFB47 = {
						CreatedOnToolsVersion = 7.0.1;
					};
				};
			};
			buildConfigurationList = 6C6747FD1BBFC94500CAFB47 /* Build configuration list for PBXProject "unwind" */;
			compatibilityVersion = "Xcode 3.2";
			developmentRegion = English;
			hasScannedForEncodings = 0;
			knownRegions = (
				en,
				Base,
			);
			mainGroup = 6C6747F91BBFC94500CAFB47;
			productRefGroup = 6C6748031BBFC94500CAFB47 /* Products */;
			projectDirPath = "";
			projectRoot = "";
			targets = (
				6C6748011BBFC94500CAFB47 /* unwind */,
			);
		};
/* End PBXProject section */

/* Begin PBXResourcesBuildPhase section */
		6C6748001BBFC94500CAFB47 /* Resources */ = {
			isa = PBXResourcesBuildPhase;
			buildActionMask = 2147483647;
			files = (
				6C6748101BBFC94500CAFB47 /* LaunchScreen.storyboard in Resources */,
				6C67480D1BBFC94500CAFB47 /* Assets.xcassets in Resources */,
				6C67480B1BBFC94500CAFB47 /* Main.storyboard in Resources */,
			);
			runOnlyForDeploymentPostprocessing = 0;
		};
/* End PBXResourcesBuildPhase section */

/* Begin PBXSourcesBuildPhase section */
		6C6747FE1BBFC94500CAFB47 /* Sources */ = {
			isa = PBXSourcesBuildPhase;
			buildActionMask = 2147483647;
			files = (
				6C6748081BBFC94500CAFB47 /* ViewController.swift in Sources */,
				6C6748061BBFC94500CAFB47 /* AppDelegate.swift in Sources */,
			);
			runOnlyForDeploymentPostprocessing = 0;
		};
/* End PBXSourcesBuildPhase section */

/* Begin PBXVariantGroup section */
		6C6748091BBFC94500CAFB47 /* Main.storyboard */ = {
			isa = PBXVariantGroup;
			children = (
				6C67480A1BBFC94500CAFB47 /* Base */,
			);
			name = Main.storyboard;
			sourceTree = "<group>";
		};
		6C67480E1BBFC94500CAFB47 /* LaunchScreen.storyboard */ = {
			isa = PBXVariantGroup;
			children = (
				6C67480F1BBFC94500CAFB47 /* Base */,
			);
			name = LaunchScreen.storyboard;
			sourceTree = "<group>";
		};
/* End PBXVariantGroup section */

/* Begin XCBuildConfiguration section */
		6C6748121BBFC94500CAFB47 /* Debug */ = {
			isa = XCBuildConfiguration;
			buildSettings = {
				ALWAYS_SEARCH_USER_PATHS = NO;
				CLANG_CXX_LANGUAGE_STANDARD = "gnu++0x";
				CLANG_CXX_LIBRARY = "libc++";
				CLANG_ENABLE_MODULES = YES;
				CLANG_ENABLE_OBJC_ARC = YES;
				CLANG_WARN_BOOL_CONVERSION = YES;
				CLANG_WARN_CONSTANT_CONVERSION = YES;
				CLANG_WARN_DIRECT_OBJC_ISA_USAGE = YES_ERROR;
				CLANG_WARN_EMPTY_BODY = YES;
				CLANG_WARN_ENUM_CONVERSION = YES;
				CLANG_WARN_INT_CONVERSION = YES;
				CLANG_WARN_OBJC_ROOT_CLASS = YES_ERROR;
				CLANG_WARN_UNREACHABLE_CODE = YES;
				CLANG_WARN__DUPLICATE_METHOD_MATCH = YES;
				"CODE_SIGN_IDENTITY[sdk=iphoneos*]" = "iPhone Developer";
				COPY_PHASE_STRIP = NO;
				DEBUG_INFORMATION_FORMAT = dwarf;
				ENABLE_STRICT_OBJC_MSGSEND = YES;
				ENABLE_TESTABILITY = YES;
				GCC_C_LANGUAGE_STANDARD = gnu99;
				GCC_DYNAMIC_NO_PIC = NO;
				GCC_NO_COMMON_BLOCKS = YES;
				GCC_OPTIMIZATION_LEVEL = 0;
				GCC_PREPROCESSOR_DEFINITIONS = (
					"DEBUG=1",
					"$(inherited)",
				);
				GCC_WARN_64_TO_32_BIT_CONVERSION = YES;
				GCC_WARN_ABOUT_RETURN_TYPE = YES_ERROR;
				GCC_WARN_UNDECLARED_SELECTOR = YES;
				GCC_WARN_UNINITIALIZED_AUTOS = YES_AGGRESSIVE;
				GCC_WARN_UNUSED_FUNCTION = YES;
				GCC_WARN_UNUSED_VARIABLE = YES;
				IPHONEOS_DEPLOYMENT_TARGET = 9.0;
				MTL_ENABLE_DEBUG_INFO = YES;
				ONLY_ACTIVE_ARCH = YES;
				SDKROOT = iphoneos;
				SWIFT_OPTIMIZATION_LEVEL = "-Onone";
				TARGETED_DEVICE_FAMILY = "1,2";
			};
			name = Debug;
		};
		6C6748131BBFC94500CAFB47 /* Release */ = {
			isa = XCBuildConfiguration;
			buildSettings = {
				ALWAYS_SEARCH_USER_PATHS = NO;
				CLANG_CXX_LANGUAGE_STANDARD = "gnu++0x";
				CLANG_CXX_LIBRARY = "libc++";
				CLANG_ENABLE_MODULES = YES;
				CLANG_ENABLE_OBJC_ARC = YES;
				CLANG_WARN_BOOL_CONVERSION = YES;
				CLANG_WARN_CONSTANT_CONVERSION = YES;
				CLANG_WARN_DIRECT_OBJC_ISA_USAGE = YES_ERROR;
				CLANG_WARN_EMPTY_BODY = YES;
				CLANG_WARN_ENUM_CONVERSION = YES;
				CLANG_WARN_INT_CONVERSION = YES;
				CLANG_WARN_OBJC_ROOT_CLASS = YES_ERROR;
				CLANG_WARN_UNREACHABLE_CODE = YES;
				CLANG_WARN__DUPLICATE_METHOD_MATCH = YES;
				"CODE_SIGN_IDENTITY[sdk=iphoneos*]" = "iPhone Developer";
				COPY_PHASE_STRIP = NO;
				DEBUG_INFORMATION_FORMAT = "dwarf-with-dsym";
				ENABLE_NS_ASSERTIONS = NO;
				ENABLE_STRICT_OBJC_MSGSEND = YES;
				GCC_C_LANGUAGE_STANDARD = gnu99;
				GCC_NO_COMMON_BLOCKS = YES;
				GCC_WARN_64_TO_32_BIT_CONVERSION = YES;
				GCC_WARN_ABOUT_RETURN_TYPE = YES_ERROR;
				GCC_WARN_UNDECLARED_SELECTOR = YES;
				GCC_WARN_UNINITIALIZED_AUTOS = YES_AGGRESSIVE;
				GCC_WARN_UNUSED_FUNCTION = YES;
				GCC_WARN_UNUSED_VARIABLE = YES;
				IPHONEOS_DEPLOYMENT_TARGET = 9.0;
				MTL_ENABLE_DEBUG_INFO = NO;
				SDKROOT = iphoneos;
				TARGETED_DEVICE_FAMILY = "1,2";
				VALIDATE_PRODUCT = YES;
			};
			name = Release;
		};
		6C6748151BBFC94500CAFB47 /* Debug */ = {
			isa = XCBuildConfiguration;
			buildSettings = {
				ASSETCATALOG_COMPILER_APPICON_NAME = AppIcon;
				INFOPLIST_FILE = unwind/Info.plist;
				LD_RUNPATH_SEARCH_PATHS = "$(inherited) @executable_path/Frameworks";
				PRODUCT_BUNDLE_IDENTIFIER = com.jiaxh.unwind;
				PRODUCT_NAME = "$(TARGET_NAME)";
			};
			name = Debug;
		};
		6C6748161BBFC94500CAFB47 /* Release */ = {
			isa = XCBuildConfiguration;
			buildSettings = {
				ASSETCATALOG_COMPILER_APPICON_NAME = AppIcon;
				INFOPLIST_FILE = unwind/Info.plist;
				LD_RUNPATH_SEARCH_PATHS = "$(inherited) @executable_path/Frameworks";
				PRODUCT_BUNDLE_IDENTIFIER = com.jiaxh.unwind;
				PRODUCT_NAME = "$(TARGET_NAME)";
			};
			name = Release;
		};
/* End XCBuildConfiguration section */

/* Begin XCConfigurationList section */
		6C6747FD1BBFC94500CAFB47 /* Build configuration list for PBXProject "unwind" */ = {
			isa = XCConfigurationList;
			buildConfigurations = (
				6C6748121BBFC94500CAFB47 /* Debug */,
				6C6748131BBFC94500CAFB47 /* Release */,
			);
			defaultConfigurationIsVisible = 0;
			defaultConfigurationName = Release;
		};
		6C6748141BBFC94500CAFB47 /* Build configuration list for PBXNativeTarget "unwind" */ = {
			isa = XCConfigurationList;
			buildConfigurations = (
				6C6748151BBFC94500CAFB47 /* Debug */,
				6C6748161BBFC94500CAFB47 /* Release */,
			);
			defaultConfigurationIsVisible = 0;
		};
/* End XCConfigurationList section */
	};
	rootObject = 6C6747FA1BBFC94500CAFB47 /* Project object */;
}
